
Microsoft Visual Studio Solution File, Format Version 12.00
# Visual Studio Version 17
VisualStudioVersion = 17.0.32014.148
MinimumVisualStudioVersion = 10.0.40219.1
Project("{2150E333-8FDC-42A3-9474-1A3956D46DE8}") = "risEngine", "risEngine", "{383C3E17-FA45-447A-A0ED-B6C7C15C672A}"
EndProject
Project("{2150E333-8FDC-42A3-9474-1A3956D46DE8}") = "third_party", "third_party", "{671836E5-11EE-4A3F-9A2A-440F64D1FFF6}"
	ProjectSection(SolutionItems) = preProject
		third_party\GNU_GPLv3_license.txt = third_party\GNU_GPLv3_license.txt
		third_party\README.md = third_party\README.md
	EndProjectSection
EndProject
Project("{8BC9CEB8-8B4A-11D0-8D11-00A0C91BC942}") = "lib_randomc", "third_party\lib_randomc\lib_randomc.vcxproj", "{B8384B94-1015-48E3-A046-609E50805D61}"
EndProject
Project("{8BC9CEB8-8B4A-11D0-8D11-00A0C91BC942}") = "data", "risEngine\data\data.vcxproj", "{B552D671-1702-479E-B3FD-75EB6C52D9DD}"
EndProject
Project("{8BC9CEB8-8B4A-11D0-8D11-00A0C91BC942}") = "asset_management", "risEngine\asset_management\asset_management.vcxproj", "{59B930CE-C935-4A69-8DAA-EAC739A8BC86}"
EndProject
Project("{8BC9CEB8-8B4A-11D0-8D11-00A0C91BC942}") = "time", "risEngine\time\time.vcxproj", "{3DF5CCA9-2260-4E53-BA11-106B283BF906}"
EndProject
Project("{8BC9CEB8-8B4A-11D0-8D11-00A0C91BC942}") = "engine", "risEngine\engine\engine.vcxproj", "{A409B08C-3228-4766-823B-7EB1AFD36142}"
EndProject
Project("{8BC9CEB8-8B4A-11D0-8D11-00A0C91BC942}") = "job_system", "risEngine\job_system\job_system.vcxproj", "{2A26381E-EE96-4247-999B-DD7C0CF72D65}"
EndProject
Project("{8BC9CEB8-8B4A-11D0-8D11-00A0C91BC942}") = "main", "main\main.vcxproj", "{6D98D2F8-9456-47C5-8F58-5B157C3CEAF0}"
EndProject
Project("{8BC9CEB8-8B4A-11D0-8D11-00A0C91BC942}") = "tests", "tests\tests.vcxproj", "{AEC09E18-FD1C-46D7-80E7-7E52BCF47556}"
EndProject
Global
	GlobalSection(SolutionConfigurationPlatforms) = preSolution
		Debug|x64 = Debug|x64
		Debug|x86 = Debug|x86
		Release|x64 = Release|x64
		Release|x86 = Release|x86
	EndGlobalSection
	GlobalSection(ProjectConfigurationPlatforms) = postSolution
		{B8384B94-1015-48E3-A046-609E50805D61}.Debug|x64.ActiveCfg = Debug|x64
		{B8384B94-1015-48E3-A046-609E50805D61}.Debug|x64.Build.0 = Debug|x64
		{B8384B94-1015-48E3-A046-609E50805D61}.Debug|x86.ActiveCfg = Debug|Win32
		{B8384B94-1015-48E3-A046-609E50805D61}.Debug|x86.Build.0 = Debug|Win32
		{B8384B94-1015-48E3-A046-609E50805D61}.Release|x64.ActiveCfg = Release|x64
		{B8384B94-1015-48E3-A046-609E50805D61}.Release|x64.Build.0 = Release|x64
		{B8384B94-1015-48E3-A046-609E50805D61}.Release|x86.ActiveCfg = Release|Win32
		{B8384B94-1015-48E3-A046-609E50805D61}.Release|x86.Build.0 = Release|Win32
		{B552D671-1702-479E-B3FD-75EB6C52D9DD}.Debug|x64.ActiveCfg = Debug|x64
		{B552D671-1702-479E-B3FD-75EB6C52D9DD}.Debug|x64.Build.0 = Debug|x64
		{B552D671-1702-479E-B3FD-75EB6C52D9DD}.Debug|x86.ActiveCfg = Debug|Win32
		{B552D671-1702-479E-B3FD-75EB6C52D9DD}.Debug|x86.Build.0 = Debug|Win32
		{B552D671-1702-479E-B3FD-75EB6C52D9DD}.Release|x64.ActiveCfg = Release|x64
		{B552D671-1702-479E-B3FD-75EB6C52D9DD}.Release|x64.Build.0 = Release|x64
		{B552D671-1702-479E-B3FD-75EB6C52D9DD}.Release|x86.ActiveCfg = Release|Win32
		{B552D671-1702-479E-B3FD-75EB6C52D9DD}.Release|x86.Build.0 = Release|Win32
		{59B930CE-C935-4A69-8DAA-EAC739A8BC86}.Debug|x64.ActiveCfg = Debug|x64
		{59B930CE-C935-4A69-8DAA-EAC739A8BC86}.Debug|x64.Build.0 = Debug|x64
		{59B930CE-C935-4A69-8DAA-EAC739A8BC86}.Debug|x86.ActiveCfg = Debug|Win32
		{59B930CE-C935-4A69-8DAA-EAC739A8BC86}.Debug|x86.Build.0 = Debug|Win32
		{59B930CE-C935-4A69-8DAA-EAC739A8BC86}.Release|x64.ActiveCfg = Release|x64
		{59B930CE-C935-4A69-8DAA-EAC739A8BC86}.Release|x64.Build.0 = Release|x64
		{59B930CE-C935-4A69-8DAA-EAC739A8BC86}.Release|x86.ActiveCfg = Release|Win32
		{59B930CE-C935-4A69-8DAA-EAC739A8BC86}.Release|x86.Build.0 = Release|Win32
		{3DF5CCA9-2260-4E53-BA11-106B283BF906}.Debug|x64.ActiveCfg = Debug|x64
		{3DF5CCA9-2260-4E53-BA11-106B283BF906}.Debug|x64.Build.0 = Debug|x64
		{3DF5CCA9-2260-4E53-BA11-106B283BF906}.Debug|x86.ActiveCfg = Debug|Win32
		{3DF5CCA9-2260-4E53-BA11-106B283BF906}.Debug|x86.Build.0 = Debug|Win32
		{3DF5CCA9-2260-4E53-BA11-106B283BF906}.Release|x64.ActiveCfg = Release|x64
		{3DF5CCA9-2260-4E53-BA11-106B283BF906}.Release|x64.Build.0 = Release|x64
		{3DF5CCA9-2260-4E53-BA11-106B283BF906}.Release|x86.ActiveCfg = Release|Win32
		{3DF5CCA9-2260-4E53-BA11-106B283BF906}.Release|x86.Build.0 = Release|Win32
		{A409B08C-3228-4766-823B-7EB1AFD36142}.Debug|x64.ActiveCfg = Debug|x64
		{A409B08C-3228-4766-823B-7EB1AFD36142}.Debug|x64.Build.0 = Debug|x64
		{A409B08C-3228-4766-823B-7EB1AFD36142}.Debug|x86.ActiveCfg = Debug|Win32
		{A409B08C-3228-4766-823B-7EB1AFD36142}.Debug|x86.Build.0 = Debug|Win32
		{A409B08C-3228-4766-823B-7EB1AFD36142}.Release|x64.ActiveCfg = Release|x64
		{A409B08C-3228-4766-823B-7EB1AFD36142}.Release|x64.Build.0 = Release|x64
		{A409B08C-3228-4766-823B-7EB1AFD36142}.Release|x86.ActiveCfg = Release|Win32
		{A409B08C-3228-4766-823B-7EB1AFD36142}.Release|x86.Build.0 = Release|Win32
		{2A26381E-EE96-4247-999B-DD7C0CF72D65}.Debug|x64.ActiveCfg = Debug|x64
		{2A26381E-EE96-4247-999B-DD7C0CF72D65}.Debug|x64.Build.0 = Debug|x64
		{2A26381E-EE96-4247-999B-DD7C0CF72D65}.Debug|x86.ActiveCfg = Debug|Win32
		{2A26381E-EE96-4247-999B-DD7C0CF72D65}.Debug|x86.Build.0 = Debug|Win32
		{2A26381E-EE96-4247-999B-DD7C0CF72D65}.Release|x64.ActiveCfg = Release|x64
		{2A26381E-EE96-4247-999B-DD7C0CF72D65}.Release|x64.Build.0 = Release|x64
		{2A26381E-EE96-4247-999B-DD7C0CF72D65}.Release|x86.ActiveCfg = Release|Win32
		{2A26381E-EE96-4247-999B-DD7C0CF72D65}.Release|x86.Build.0 = Release|Win32
		{6D98D2F8-9456-47C5-8F58-5B157C3CEAF0}.Debug|x64.ActiveCfg = Debug|x64
		{6D98D2F8-9456-47C5-8F58-5B157C3CEAF0}.Debug|x64.Build.0 = Debug|x64
		{6D98D2F8-9456-47C5-8F58-5B157C3CEAF0}.Debug|x86.ActiveCfg = Debug|Win32
		{6D98D2F8-9456-47C5-8F58-5B157C3CEAF0}.Debug|x86.Build.0 = Debug|Win32
		{6D98D2F8-9456-47C5-8F58-5B157C3CEAF0}.Release|x64.ActiveCfg = Release|x64
		{6D98D2F8-9456-47C5-8F58-5B157C3CEAF0}.Release|x64.Build.0 = Release|x64
		{6D98D2F8-9456-47C5-8F58-5B157C3CEAF0}.Release|x86.ActiveCfg = Release|Win32
		{6D98D2F8-9456-47C5-8F58-5B157C3CEAF0}.Release|x86.Build.0 = Release|Win32
		{AEC09E18-FD1C-46D7-80E7-7E52BCF47556}.Debug|x64.ActiveCfg = Debug|x64
		{AEC09E18-FD1C-46D7-80E7-7E52BCF47556}.Debug|x64.Build.0 = Debug|x64
		{AEC09E18-FD1C-46D7-80E7-7E52BCF47556}.Debug|x86.ActiveCfg = Debug|Win32
		{AEC09E18-FD1C-46D7-80E7-7E52BCF47556}.Debug|x86.Build.0 = Debug|Win32
		{AEC09E18-FD1C-46D7-80E7-7E52BCF47556}.Release|x64.ActiveCfg = Release|x64
		{AEC09E18-FD1C-46D7-80E7-7E52BCF47556}.Release|x64.Build.0 = Release|x64
		{AEC09E18-FD1C-46D7-80E7-7E52BCF47556}.Release|x86.ActiveCfg = Release|Win32
		{AEC09E18-FD1C-46D7-80E7-7E52BCF47556}.Release|x86.Build.0 = Release|Win32
	EndGlobalSection
	GlobalSection(SolutionProperties) = preSolution
		HideSolutionNode = FALSE
	EndGlobalSection
	GlobalSection(NestedProjects) = preSolution
		{B8384B94-1015-48E3-A046-609E50805D61} = {671836E5-11EE-4A3F-9A2A-440F64D1FFF6}
		{B552D671-1702-479E-B3FD-75EB6C52D9DD} = {383C3E17-FA45-447A-A0ED-B6C7C15C672A}
		{59B930CE-C935-4A69-8DAA-EAC739A8BC86} = {383C3E17-FA45-447A-A0ED-B6C7C15C672A}
		{3DF5CCA9-2260-4E53-BA11-106B283BF906} = {383C3E17-FA45-447A-A0ED-B6C7C15C672A}
		{A409B08C-3228-4766-823B-7EB1AFD36142} = {383C3E17-FA45-447A-A0ED-B6C7C15C672A}
		{2A26381E-EE96-4247-999B-DD7C0CF72D65} = {383C3E17-FA45-447A-A0ED-B6C7C15C672A}
	EndGlobalSection
	GlobalSection(ExtensibilityGlobals) = postSolution
		SolutionGuid = {06462A58-3F52-49A9-8DB3-68FC27226424}
	EndGlobalSection
EndGlobal
